
Microsoft Visual Studio Solution File, Format Version 12.00
# Visual Studio Version 17
VisualStudioVersion = 17.14.36203.30 d17.14
MinimumVisualStudioVersion = 10.0.40219.1
Project("{FAE04EC0-301F-11D3-BF4B-00C04F79EFBC}") = "ApiServer", "ApiServer\ApiServer.csproj", "{C9900DFE-EB64-4E60-90DA-94B29E41692C}"
EndProject
Project("{FAE04EC0-301F-11D3-BF4B-00C04F79EFBC}") = "ApiClient", "ApiClient\ApiClient.csproj", "{90BF9508-DEE2-444E-8AFF-950DECEEF404}"
EndProject
Global
	GlobalSection(SolutionConfigurationPlatforms) = preSolution
		Debug|Any CPU = Debug|Any CPU
		Release|Any CPU = Release|Any CPU
	EndGlobalSection
	GlobalSection(ProjectConfigurationPlatforms) = postSolution
		{C9900DFE-EB64-4E60-90DA-94B29E41692C}.Debug|Any CPU.ActiveCfg = Debug|Any CPU
		{C9900DFE-EB64-4E60-90DA-94B29E41692C}.Debug|Any CPU.Build.0 = Debug|Any CPU
		{C9900DFE-EB64-4E60-90DA-94B29E41692C}.Release|Any CPU.ActiveCfg = Release|Any CPU
		{C9900DFE-EB64-4E60-90DA-94B29E41692C}.Release|Any CPU.Build.0 = Release|Any CPU
		{90BF9508-DEE2-444E-8AFF-950DECEEF404}.Debug|Any CPU.ActiveCfg = Debug|Any CPU
		{90BF9508-DEE2-444E-8AFF-950DECEEF404}.Debug|Any CPU.Build.0 = Debug|Any CPU
		{90BF9508-DEE2-444E-8AFF-950DECEEF404}.Release|Any CPU.ActiveCfg = Release|Any CPU
		{90BF9508-DEE2-444E-8AFF-950DECEEF404}.Release|Any CPU.Build.0 = Release|Any CPU
	EndGlobalSection
	GlobalSection(SolutionProperties) = preSolution
		HideSolutionNode = FALSE
	EndGlobalSection
	GlobalSection(ExtensibilityGlobals) = postSolution
		SolutionGuid = {E4BC6B10-4414-4343-AFA5-7174E63B8A52}
	EndGlobalSection
EndGlobal
